
Microsoft Visual Studio Solution File, Format Version 12.00
# Visual Studio Version 17
VisualStudioVersion = 17.10.35004.147
MinimumVisualStudioVersion = 10.0.40219.1
Project("{2150E333-8FDC-42A3-9474-1A3956D46DE8}") = "src", "src", "{3E1283AA-0EB4-4E1B-B8CF-761386FCAD7E}"
EndProject
Project("{9A19103F-16F7-4668-BE54-9A1E7A4F7556}") = "DatabaseAdapter", "DatabaseAdapter.Infrastructure\DatabaseAdapter.csproj", "{0F3967DF-FD25-4947-955D-803F803034AB}"
EndProject
Project("{FAE04EC0-301F-11D3-BF4B-00C04F79EFBC}") = "WebApplicationTestLib", "WebApplicationTestLib\WebApplicationTestLib.csproj", "{EFC4ACFE-48D2-40EA-BEA0-25310D59EEE4}"
EndProject
Global
	GlobalSection(SolutionConfigurationPlatforms) = preSolution
		Debug|Any CPU = Debug|Any CPU
		Release|Any CPU = Release|Any CPU
	EndGlobalSection
	GlobalSection(ProjectConfigurationPlatforms) = postSolution
		{0F3967DF-FD25-4947-955D-803F803034AB}.Debug|Any CPU.ActiveCfg = Debug|Any CPU
		{0F3967DF-FD25-4947-955D-803F803034AB}.Debug|Any CPU.Build.0 = Debug|Any CPU
		{0F3967DF-FD25-4947-955D-803F803034AB}.Release|Any CPU.ActiveCfg = Release|Any CPU
		{0F3967DF-FD25-4947-955D-803F803034AB}.Release|Any CPU.Build.0 = Release|Any CPU
		{EFC4ACFE-48D2-40EA-BEA0-25310D59EEE4}.Debug|Any CPU.ActiveCfg = Debug|Any CPU
		{EFC4ACFE-48D2-40EA-BEA0-25310D59EEE4}.Debug|Any CPU.Build.0 = Debug|Any CPU
		{EFC4ACFE-48D2-40EA-BEA0-25310D59EEE4}.Release|Any CPU.ActiveCfg = Release|Any CPU
		{EFC4ACFE-48D2-40EA-BEA0-25310D59EEE4}.Release|Any CPU.Build.0 = Release|Any CPU
	EndGlobalSection
	GlobalSection(SolutionProperties) = preSolution
		HideSolutionNode = FALSE
	EndGlobalSection
	GlobalSection(NestedProjects) = preSolution
		{0F3967DF-FD25-4947-955D-803F803034AB} = {3E1283AA-0EB4-4E1B-B8CF-761386FCAD7E}
	EndGlobalSection
	GlobalSection(ExtensibilityGlobals) = postSolution
		SolutionGuid = {E157E8BE-FF8F-485C-A313-D04BBB9B529F}
	EndGlobalSection
EndGlobal
